
Microsoft Visual Studio Solution File, Format Version 12.00
# Visual Studio Version 17
VisualStudioVersion = 17.10.35027.167
MinimumVisualStudioVersion = 10.0.40219.1
Project("{FAE04EC0-301F-11D3-BF4B-00C04F79EFBC}") = "Problem9", "Problem9\Problem9.csproj", "{0AA1FADE-7F65-4C4F-A2B6-1C0114A1E2BF}"
EndProject
Global
	GlobalSection(SolutionConfigurationPlatforms) = preSolution
		Debug|Any CPU = Debug|Any CPU
		Release|Any CPU = Release|Any CPU
	EndGlobalSection
	GlobalSection(ProjectConfigurationPlatforms) = postSolution
		{0AA1FADE-7F65-4C4F-A2B6-1C0114A1E2BF}.Debug|Any CPU.ActiveCfg = Debug|Any CPU
		{0AA1FADE-7F65-4C4F-A2B6-1C0114A1E2BF}.Debug|Any CPU.Build.0 = Debug|Any CPU
		{0AA1FADE-7F65-4C4F-A2B6-1C0114A1E2BF}.Release|Any CPU.ActiveCfg = Release|Any CPU
		{0AA1FADE-7F65-4C4F-A2B6-1C0114A1E2BF}.Release|Any CPU.Build.0 = Release|Any CPU
	EndGlobalSection
	GlobalSection(SolutionProperties) = preSolution
		HideSolutionNode = FALSE
	EndGlobalSection
	GlobalSection(ExtensibilityGlobals) = postSolution
		SolutionGuid = {14950E2F-F215-47DC-B2FD-F5FA5BBB6D00}
	EndGlobalSection
EndGlobal
