
Microsoft Visual Studio Solution File, Format Version 12.00
# Visual Studio Version 17
VisualStudioVersion = 17.10.35027.167
MinimumVisualStudioVersion = 10.0.40219.1
Project("{FAE04EC0-301F-11D3-BF4B-00C04F79EFBC}") = "Problem20", "Problem20\Problem20.csproj", "{A5CCC42A-60CA-4938-9334-75D9D7F6E3DE}"
EndProject
Global
	GlobalSection(SolutionConfigurationPlatforms) = preSolution
		Debug|Any CPU = Debug|Any CPU
		Release|Any CPU = Release|Any CPU
	EndGlobalSection
	GlobalSection(ProjectConfigurationPlatforms) = postSolution
		{A5CCC42A-60CA-4938-9334-75D9D7F6E3DE}.Debug|Any CPU.ActiveCfg = Debug|Any CPU
		{A5CCC42A-60CA-4938-9334-75D9D7F6E3DE}.Debug|Any CPU.Build.0 = Debug|Any CPU
		{A5CCC42A-60CA-4938-9334-75D9D7F6E3DE}.Release|Any CPU.ActiveCfg = Release|Any CPU
		{A5CCC42A-60CA-4938-9334-75D9D7F6E3DE}.Release|Any CPU.Build.0 = Release|Any CPU
	EndGlobalSection
	GlobalSection(SolutionProperties) = preSolution
		HideSolutionNode = FALSE
	EndGlobalSection
	GlobalSection(ExtensibilityGlobals) = postSolution
		SolutionGuid = {75CB79E1-7E87-46D6-869B-FF6B2576C722}
	EndGlobalSection
EndGlobal
