
Microsoft Visual Studio Solution File, Format Version 12.00
# Visual Studio Version 17
VisualStudioVersion = 17.10.35027.167
MinimumVisualStudioVersion = 10.0.40219.1
Project("{FAE04EC0-301F-11D3-BF4B-00C04F79EFBC}") = "Lect3ProblemSolving", "Lect3ProblemSolving\Lect3ProblemSolving.csproj", "{2036E6D2-C0D9-457E-AD9C-1CCCF9890EC8}"
EndProject
Global
	GlobalSection(SolutionConfigurationPlatforms) = preSolution
		Debug|Any CPU = Debug|Any CPU
		Release|Any CPU = Release|Any CPU
	EndGlobalSection
	GlobalSection(ProjectConfigurationPlatforms) = postSolution
		{2036E6D2-C0D9-457E-AD9C-1CCCF9890EC8}.Debug|Any CPU.ActiveCfg = Debug|Any CPU
		{2036E6D2-C0D9-457E-AD9C-1CCCF9890EC8}.Debug|Any CPU.Build.0 = Debug|Any CPU
		{2036E6D2-C0D9-457E-AD9C-1CCCF9890EC8}.Release|Any CPU.ActiveCfg = Release|Any CPU
		{2036E6D2-C0D9-457E-AD9C-1CCCF9890EC8}.Release|Any CPU.Build.0 = Release|Any CPU
	EndGlobalSection
	GlobalSection(SolutionProperties) = preSolution
		HideSolutionNode = FALSE
	EndGlobalSection
	GlobalSection(ExtensibilityGlobals) = postSolution
		SolutionGuid = {FDDF5EEA-F554-4A10-A697-BB00E99E10C2}
	EndGlobalSection
EndGlobal
