
Microsoft Visual Studio Solution File, Format Version 12.00
# Visual Studio Version 17
VisualStudioVersion = 17.10.35027.167
MinimumVisualStudioVersion = 10.0.40219.1
Project("{FAE04EC0-301F-11D3-BF4B-00C04F79EFBC}") = "Problem11", "Problem11\Problem11.csproj", "{5816509F-749C-4A5F-81EB-8391E8A969AB}"
EndProject
Global
	GlobalSection(SolutionConfigurationPlatforms) = preSolution
		Debug|Any CPU = Debug|Any CPU
		Release|Any CPU = Release|Any CPU
	EndGlobalSection
	GlobalSection(ProjectConfigurationPlatforms) = postSolution
		{5816509F-749C-4A5F-81EB-8391E8A969AB}.Debug|Any CPU.ActiveCfg = Debug|Any CPU
		{5816509F-749C-4A5F-81EB-8391E8A969AB}.Debug|Any CPU.Build.0 = Debug|Any CPU
		{5816509F-749C-4A5F-81EB-8391E8A969AB}.Release|Any CPU.ActiveCfg = Release|Any CPU
		{5816509F-749C-4A5F-81EB-8391E8A969AB}.Release|Any CPU.Build.0 = Release|Any CPU
	EndGlobalSection
	GlobalSection(SolutionProperties) = preSolution
		HideSolutionNode = FALSE
	EndGlobalSection
	GlobalSection(ExtensibilityGlobals) = postSolution
		SolutionGuid = {AEAE5E88-D2AA-4598-A573-28F0BC11B66C}
	EndGlobalSection
EndGlobal
