
Microsoft Visual Studio Solution File, Format Version 12.00
# Visual Studio Version 17
VisualStudioVersion = 17.10.35027.167
MinimumVisualStudioVersion = 10.0.40219.1
Project("{FAE04EC0-301F-11D3-BF4B-00C04F79EFBC}") = "Problem8", "Problem8\Problem8.csproj", "{83F2E32C-18F8-4ED6-95EE-C0423B036806}"
EndProject
Global
	GlobalSection(SolutionConfigurationPlatforms) = preSolution
		Debug|Any CPU = Debug|Any CPU
		Release|Any CPU = Release|Any CPU
	EndGlobalSection
	GlobalSection(ProjectConfigurationPlatforms) = postSolution
		{83F2E32C-18F8-4ED6-95EE-C0423B036806}.Debug|Any CPU.ActiveCfg = Debug|Any CPU
		{83F2E32C-18F8-4ED6-95EE-C0423B036806}.Debug|Any CPU.Build.0 = Debug|Any CPU
		{83F2E32C-18F8-4ED6-95EE-C0423B036806}.Release|Any CPU.ActiveCfg = Release|Any CPU
		{83F2E32C-18F8-4ED6-95EE-C0423B036806}.Release|Any CPU.Build.0 = Release|Any CPU
	EndGlobalSection
	GlobalSection(SolutionProperties) = preSolution
		HideSolutionNode = FALSE
	EndGlobalSection
	GlobalSection(ExtensibilityGlobals) = postSolution
		SolutionGuid = {5932CEA3-E1D1-488C-BAC2-89724460FC47}
	EndGlobalSection
EndGlobal
